
Microsoft Visual Studio Solution File, Format Version 12.00
# Visual Studio Version 17
VisualStudioVersion = 17.4.33103.184
MinimumVisualStudioVersion = 10.0.40219.1
Project("{FAE04EC0-301F-11D3-BF4B-00C04F79EFBC}") = "FormsPictureBox", "FormsPictureBox.csproj", "{B87864D1-616F-48DE-8A70-99DFA20F5173}"
EndProject
Global
	GlobalSection(SolutionConfigurationPlatforms) = preSolution
		Debug|Any CPU = Debug|Any CPU
		Release|Any CPU = Release|Any CPU
	EndGlobalSection
	GlobalSection(ProjectConfigurationPlatforms) = postSolution
		{B87864D1-616F-48DE-8A70-99DFA20F5173}.Debug|Any CPU.ActiveCfg = Debug|Any CPU
		{B87864D1-616F-48DE-8A70-99DFA20F5173}.Debug|Any CPU.Build.0 = Debug|Any CPU
		{B87864D1-616F-48DE-8A70-99DFA20F5173}.Release|Any CPU.ActiveCfg = Release|Any CPU
		{B87864D1-616F-48DE-8A70-99DFA20F5173}.Release|Any CPU.Build.0 = Release|Any CPU
	EndGlobalSection
	GlobalSection(SolutionProperties) = preSolution
		HideSolutionNode = FALSE
	EndGlobalSection
	GlobalSection(ExtensibilityGlobals) = postSolution
		SolutionGuid = {5AB953CC-8A84-4957-8D9A-347C9D1E8CA6}
	EndGlobalSection
EndGlobal
